
Microsoft Visual Studio Solution File, Format Version 12.00
# Visual Studio Version 16
VisualStudioVersion = 16.0.31624.102
MinimumVisualStudioVersion = 10.0.40219.1
Project("{FAE04EC0-301F-11D3-BF4B-00C04F79EFBC}") = "Balobsis", "Balobsis\Balobsis.csproj", "{EB2A2782-F885-4CF1-9837-A3FE3D03F3AE}"
EndProject
Global
	GlobalSection(SolutionConfigurationPlatforms) = preSolution
		Debug|Any CPU = Debug|Any CPU
		Release|Any CPU = Release|Any CPU
	EndGlobalSection
	GlobalSection(ProjectConfigurationPlatforms) = postSolution
		{EB2A2782-F885-4CF1-9837-A3FE3D03F3AE}.Debug|Any CPU.ActiveCfg = Debug|Any CPU
		{EB2A2782-F885-4CF1-9837-A3FE3D03F3AE}.Debug|Any CPU.Build.0 = Debug|Any CPU
		{EB2A2782-F885-4CF1-9837-A3FE3D03F3AE}.Release|Any CPU.ActiveCfg = Release|Any CPU
		{EB2A2782-F885-4CF1-9837-A3FE3D03F3AE}.Release|Any CPU.Build.0 = Release|Any CPU
	EndGlobalSection
	GlobalSection(SolutionProperties) = preSolution
		HideSolutionNode = FALSE
	EndGlobalSection
	GlobalSection(ExtensibilityGlobals) = postSolution
		SolutionGuid = {3E78EF27-A33A-40FC-95C3-0F99DC2AB447}
	EndGlobalSection
EndGlobal
